PODS:
  - Alamofire (5.9.1)
  - CryptoSwift (1.6.0)
  - HandyJSON (5.0.2)
  - MJRefresh (3.7.9)
  - Moya/Core (15.0.0):
    - Alamofire (~> 5.0)
  - Moya/RxSwift (15.0.0):
    - Moya/Core
    - RxSwift (~> 6.0)
  - "NSObject+Rx (5.2.2)":
    - RxSwift (~> 6.2)
  - RxCocoa (6.7.1):
    - RxRelay (= 6.7.1)
    - RxSwift (= 6.7.1)
  - RxGesture (4.0.4):
    - RxCocoa (~> 6.0)
    - RxSwift (~> 6.0)
  - RxRelay (6.7.1):
    - RxSwift (= 6.7.1)
  - RxSwift (6.7.1)
  - RxSwiftExt (6.2.1):
    - RxSwiftExt/Core (= 6.2.1)
    - RxSwiftExt/RxCocoa (= 6.2.1)
  - RxSwiftExt/Core (6.2.1):
    - RxSwift (~> 6.0)
  - RxSwiftExt/RxCocoa (6.2.1):
    - RxCocoa (~> 6.0)
    - RxSwiftExt/Core
  - SnapKit (5.7.1)
  - SwifterSwift (6.2.0):
    - SwifterSwift/AppKit (= 6.2.0)
    - SwifterSwift/Combine (= 6.2.0)
    - SwifterSwift/CoreAnimation (= 6.2.0)
    - SwifterSwift/CoreGraphics (= 6.2.0)
    - SwifterSwift/CoreLocation (= 6.2.0)
    - SwifterSwift/CryptoKit (= 6.2.0)
    - SwifterSwift/Dispatch (= 6.2.0)
    - SwifterSwift/Foundation (= 6.2.0)
    - SwifterSwift/HealthKit (= 6.2.0)
    - SwifterSwift/MapKit (= 6.2.0)
    - SwifterSwift/SceneKit (= 6.2.0)
    - SwifterSwift/SpriteKit (= 6.2.0)
    - SwifterSwift/StoreKit (= 6.2.0)
    - SwifterSwift/SwiftStdlib (= 6.2.0)
    - SwifterSwift/UIKit (= 6.2.0)
    - SwifterSwift/WebKit (= 6.2.0)
  - SwifterSwift/AppKit (6.2.0)
  - SwifterSwift/Combine (6.2.0)
  - SwifterSwift/CoreAnimation (6.2.0)
  - SwifterSwift/CoreGraphics (6.2.0)
  - SwifterSwift/CoreLocation (6.2.0)
  - SwifterSwift/CryptoKit (6.2.0)
  - SwifterSwift/Dispatch (6.2.0)
  - SwifterSwift/Foundation (6.2.0)
  - SwifterSwift/HealthKit (6.2.0)
  - SwifterSwift/MapKit (6.2.0)
  - SwifterSwift/SceneKit (6.2.0)
  - SwifterSwift/SpriteKit (6.2.0)
  - SwifterSwift/StoreKit (6.2.0)
  - SwifterSwift/SwiftStdlib (6.2.0)
  - SwifterSwift/UIKit (6.2.0)
  - SwifterSwift/WebKit (6.2.0)
  - SwiftTheme (0.6.4)
  - SwiftyJSON (5.0.2)
  - Toast-Swift (5.1.1)

DEPENDENCIES:
  - CryptoSwift (~> 1.6.0)
  - HandyJSON (= 5.0.2)
  - MJRefresh
  - Moya/RxSwift (~> 15.0)
  - "NSObject+Rx (~> 5.0)"
  - RxGesture (~> 4.0.4)
  - RxSwiftExt (~> 6.2.1)
  - SnapKit (~> 5.7.1)
  - SwifterSwift (~> 6.2.0)
  - SwiftTheme
  - SwiftyJSON (~> 5.0.2)
  - Toast-Swift

SPEC REPOS:
  https://github.com/CocoaPods/Specs.git:
    - CryptoSwift
    - HandyJSON
    - MJRefresh
    - "NSObject+Rx"
    - RxGesture
    - SnapKit
    - SwiftTheme
    - Toast-Swift
  trunk:
    - Alamofire
    - Moya
    - RxCocoa
    - RxRelay
    - RxSwift
    - RxSwiftExt
    - SwifterSwift
    - SwiftyJSON

SPEC CHECKSUMS:
  Alamofire: f36a35757af4587d8e4f4bfa223ad10be2422b8c
  CryptoSwift: 562f8eceb40e80796fffc668b0cad9313284cfa6
  HandyJSON: 9e4e236f5d2dbefad5155a77417bbea438201c03
  MJRefresh: ff9e531227924c84ce459338414550a05d2aea78
  Moya: 138f0573e53411fb3dc17016add0b748dfbd78ee
  "NSObject+Rx": 61cf1f7306a73dcef8b36649198af0813ec18dfd
  RxCocoa: f5609cb4637587a7faa99c5d5787e3ad582b75a4
  RxGesture: f3efb47ed2d26a8082f7b660d4a59970e275a7f8
  RxRelay: 4151ba01152436b08271e08410135e099880eae5
  RxSwift: b9a93a26031785159e11abd40d1a55bcb8057e52
  RxSwiftExt: 43aaacb6a4d3c69c55e9d1cf4f79920043d13583
  SnapKit: d612e99e678a2d3b95bf60b0705ed0a35c03484a
  SwifterSwift: dd00873fb09cde19da88bdb2878f9fe70fe27b0f
  SwiftTheme: 007cbaf1f9e171caf6448a4657533e54c682b285
  SwiftyJSON: f5b1bf1cd8dd53cd25887ac0eabcfd92301c6a5a
  Toast-Swift: 7a03a532afe3a560d4044bc7c237e2864d295173

PODFILE CHECKSUM: 0e0d93fb2ac08939b85b45749bdb9e9ada0c941d

COCOAPODS: 1.15.2
